
Microsoft Visual Studio Solution File, Format Version 12.00
# Visual Studio Version 17
VisualStudioVersion = 17.8.34525.116
MinimumVisualStudioVersion = 10.0.40219.1
Project("{8BC9CEB8-8B4A-11D0-8D11-00A0C91BC942}") = "Core", "projects\Core\Core.vcxproj", "{5E0AF72D-8466-4A76-B633-4D6198F021B1}"
EndProject
Project("{8BC9CEB8-8B4A-11D0-8D11-00A0C91BC942}") = "Graphics", "projects\Graphics\Graphics.vcxproj", "{41B70F84-8525-46CB-B0AE-A461780AEC77}"
EndProject
Project("{8BC9CEB8-8B4A-11D0-8D11-00A0C91BC942}") = "Physics", "projects\Physics\Physics.vcxproj", "{4D51AD06-E3F2-480D-92F8-D0A63C2B60E6}"
EndProject
Project("{8BC9CEB8-8B4A-11D0-8D11-00A0C91BC942}") = "UI", "projects\UI\UI.vcxproj", "{5864A0D2-29E9-4BD7-9DB3-F51B12C19737}"
EndProject
Project("{8BC9CEB8-8B4A-11D0-8D11-00A0C91BC942}") = "Main", "projects\Main\Main.vcxproj", "{1BCA0A68-D110-4540-A078-65D3FA5D73E3}"
EndProject
Project("{8BC9CEB8-8B4A-11D0-8D11-00A0C91BC942}") = "Bridge", "projects\Bridge\Bridge.vcxproj", "{E0ADCFFA-EB53-44DD-B200-55FC3989EF12}"
EndProject
Project("{8BC9CEB8-8B4A-11D0-8D11-00A0C91BC942}") = "Input", "projects\Input\Input.vcxproj", "{E3F8C2C9-6137-4434-999C-B6E8958260F5}"
EndProject
Project("{8BC9CEB8-8B4A-11D0-8D11-00A0C91BC942}") = "Sound", "projects\Sound\Sound.vcxproj", "{B28CC5E6-FFF5-4196-A780-0B0FD266D2D0}"
EndProject
Global
	GlobalSection(SolutionConfigurationPlatforms) = preSolution
		Debug|x64 = Debug|x64
		Debug|x86 = Debug|x86
		Release|x64 = Release|x64
		Release|x86 = Release|x86
	EndGlobalSection
	GlobalSection(ProjectConfigurationPlatforms) = postSolution
		{5E0AF72D-8466-4A76-B633-4D6198F021B1}.Debug|x64.ActiveCfg = Debug|x64
		{5E0AF72D-8466-4A76-B633-4D6198F021B1}.Debug|x64.Build.0 = Debug|x64
		{5E0AF72D-8466-4A76-B633-4D6198F021B1}.Debug|x86.ActiveCfg = Debug|x64
		{5E0AF72D-8466-4A76-B633-4D6198F021B1}.Debug|x86.Build.0 = Debug|x64
		{5E0AF72D-8466-4A76-B633-4D6198F021B1}.Release|x64.ActiveCfg = Release|x64
		{5E0AF72D-8466-4A76-B633-4D6198F021B1}.Release|x64.Build.0 = Release|x64
		{5E0AF72D-8466-4A76-B633-4D6198F021B1}.Release|x86.ActiveCfg = Release|x64
		{5E0AF72D-8466-4A76-B633-4D6198F021B1}.Release|x86.Build.0 = Release|x64
		{41B70F84-8525-46CB-B0AE-A461780AEC77}.Debug|x64.ActiveCfg = Debug|x64
		{41B70F84-8525-46CB-B0AE-A461780AEC77}.Debug|x64.Build.0 = Debug|x64
		{41B70F84-8525-46CB-B0AE-A461780AEC77}.Debug|x86.ActiveCfg = Debug|x64
		{41B70F84-8525-46CB-B0AE-A461780AEC77}.Debug|x86.Build.0 = Debug|x64
		{41B70F84-8525-46CB-B0AE-A461780AEC77}.Release|x64.ActiveCfg = Release|x64
		{41B70F84-8525-46CB-B0AE-A461780AEC77}.Release|x64.Build.0 = Release|x64
		{41B70F84-8525-46CB-B0AE-A461780AEC77}.Release|x86.ActiveCfg = Release|x64
		{41B70F84-8525-46CB-B0AE-A461780AEC77}.Release|x86.Build.0 = Release|x64
		{4D51AD06-E3F2-480D-92F8-D0A63C2B60E6}.Debug|x64.ActiveCfg = Debug|x64
		{4D51AD06-E3F2-480D-92F8-D0A63C2B60E6}.Debug|x64.Build.0 = Debug|x64
		{4D51AD06-E3F2-480D-92F8-D0A63C2B60E6}.Debug|x86.ActiveCfg = Debug|x64
		{4D51AD06-E3F2-480D-92F8-D0A63C2B60E6}.Debug|x86.Build.0 = Debug|x64
		{4D51AD06-E3F2-480D-92F8-D0A63C2B60E6}.Release|x64.ActiveCfg = Release|x64
		{4D51AD06-E3F2-480D-92F8-D0A63C2B60E6}.Release|x64.Build.0 = Release|x64
		{4D51AD06-E3F2-480D-92F8-D0A63C2B60E6}.Release|x86.ActiveCfg = Release|x64
		{4D51AD06-E3F2-480D-92F8-D0A63C2B60E6}.Release|x86.Build.0 = Release|x64
		{5864A0D2-29E9-4BD7-9DB3-F51B12C19737}.Debug|x64.ActiveCfg = Debug|x64
		{5864A0D2-29E9-4BD7-9DB3-F51B12C19737}.Debug|x64.Build.0 = Debug|x64
		{5864A0D2-29E9-4BD7-9DB3-F51B12C19737}.Debug|x86.ActiveCfg = Debug|x64
		{5864A0D2-29E9-4BD7-9DB3-F51B12C19737}.Debug|x86.Build.0 = Debug|x64
		{5864A0D2-29E9-4BD7-9DB3-F51B12C19737}.Release|x64.ActiveCfg = Release|x64
		{5864A0D2-29E9-4BD7-9DB3-F51B12C19737}.Release|x64.Build.0 = Release|x64
		{5864A0D2-29E9-4BD7-9DB3-F51B12C19737}.Release|x86.ActiveCfg = Release|x64
		{5864A0D2-29E9-4BD7-9DB3-F51B12C19737}.Release|x86.Build.0 = Release|x64
		{1BCA0A68-D110-4540-A078-65D3FA5D73E3}.Debug|x64.ActiveCfg = Debug|x64
		{1BCA0A68-D110-4540-A078-65D3FA5D73E3}.Debug|x64.Build.0 = Debug|x64
		{1BCA0A68-D110-4540-A078-65D3FA5D73E3}.Debug|x86.ActiveCfg = Debug|x64
		{1BCA0A68-D110-4540-A078-65D3FA5D73E3}.Debug|x86.Build.0 = Debug|x64
		{1BCA0A68-D110-4540-A078-65D3FA5D73E3}.Release|x64.ActiveCfg = Release|x64
		{1BCA0A68-D110-4540-A078-65D3FA5D73E3}.Release|x64.Build.0 = Release|x64
		{1BCA0A68-D110-4540-A078-65D3FA5D73E3}.Release|x86.ActiveCfg = Release|x64
		{1BCA0A68-D110-4540-A078-65D3FA5D73E3}.Release|x86.Build.0 = Release|x64
		{E0ADCFFA-EB53-44DD-B200-55FC3989EF12}.Debug|x64.ActiveCfg = Debug|x64
		{E0ADCFFA-EB53-44DD-B200-55FC3989EF12}.Debug|x64.Build.0 = Debug|x64
		{E0ADCFFA-EB53-44DD-B200-55FC3989EF12}.Debug|x86.ActiveCfg = Debug|x64
		{E0ADCFFA-EB53-44DD-B200-55FC3989EF12}.Debug|x86.Build.0 = Debug|x64
		{E0ADCFFA-EB53-44DD-B200-55FC3989EF12}.Release|x64.ActiveCfg = Release|x64
		{E0ADCFFA-EB53-44DD-B200-55FC3989EF12}.Release|x64.Build.0 = Release|x64
		{E0ADCFFA-EB53-44DD-B200-55FC3989EF12}.Release|x86.ActiveCfg = Release|x64
		{E0ADCFFA-EB53-44DD-B200-55FC3989EF12}.Release|x86.Build.0 = Release|x64
		{E3F8C2C9-6137-4434-999C-B6E8958260F5}.Debug|x64.ActiveCfg = Debug|x64
		{E3F8C2C9-6137-4434-999C-B6E8958260F5}.Debug|x64.Build.0 = Debug|x64
		{E3F8C2C9-6137-4434-999C-B6E8958260F5}.Debug|x86.ActiveCfg = Debug|x64
		{E3F8C2C9-6137-4434-999C-B6E8958260F5}.Debug|x86.Build.0 = Debug|x64
		{E3F8C2C9-6137-4434-999C-B6E8958260F5}.Release|x64.ActiveCfg = Release|x64
		{E3F8C2C9-6137-4434-999C-B6E8958260F5}.Release|x64.Build.0 = Release|x64
		{E3F8C2C9-6137-4434-999C-B6E8958260F5}.Release|x86.ActiveCfg = Release|x64
		{E3F8C2C9-6137-4434-999C-B6E8958260F5}.Release|x86.Build.0 = Release|x64
		{B28CC5E6-FFF5-4196-A780-0B0FD266D2D0}.Debug|x64.ActiveCfg = Debug|x64
		{B28CC5E6-FFF5-4196-A780-0B0FD266D2D0}.Debug|x64.Build.0 = Debug|x64
		{B28CC5E6-FFF5-4196-A780-0B0FD266D2D0}.Debug|x86.ActiveCfg = Debug|Win32
		{B28CC5E6-FFF5-4196-A780-0B0FD266D2D0}.Debug|x86.Build.0 = Debug|Win32
		{B28CC5E6-FFF5-4196-A780-0B0FD266D2D0}.Release|x64.ActiveCfg = Release|x64
		{B28CC5E6-FFF5-4196-A780-0B0FD266D2D0}.Release|x64.Build.0 = Release|x64
		{B28CC5E6-FFF5-4196-A780-0B0FD266D2D0}.Release|x86.ActiveCfg = Release|Win32
		{B28CC5E6-FFF5-4196-A780-0B0FD266D2D0}.Release|x86.Build.0 = Release|Win32
	EndGlobalSection
	GlobalSection(SolutionProperties) = preSolution
		HideSolutionNode = FALSE
	EndGlobalSection
	GlobalSection(ExtensibilityGlobals) = postSolution
		SolutionGuid = {2FD66A89-EBF7-480A-A6AA-45E69B92A728}
	EndGlobalSection
EndGlobal
