
Microsoft Visual Studio Solution File, Format Version 12.00
# Visual Studio Version 17
VisualStudioVersion = 17.8.34525.116
MinimumVisualStudioVersion = 10.0.40219.1
Project("{8BC9CEB8-8B4A-11D0-8D11-00A0C91BC942}") = "MiProyecto", "projects\MiProyecto\MiProyecto.vcxproj", "{1BCA0A68-D110-4540-A078-65D3FA5D73E3}"
EndProject
Project("{8BC9CEB8-8B4A-11D0-8D11-00A0C91BC942}") = "MiBiblioteca", "projects\MiBiblioteca\MiBiblioteca.vcxproj", "{E0D58EFB-F43B-4380-8513-ED54E97A96FB}"
EndProject
Project("{8BC9CEB8-8B4A-11D0-8D11-00A0C91BC942}") = "Bullet", "projects\Bullet\Bullet.vcxproj", "{4D51AD06-E3F2-480D-92F8-D0A63C2B60E6}"
EndProject
Project("{8BC9CEB8-8B4A-11D0-8D11-00A0C91BC942}") = "Ogre", "projects\Ogre\Ogre.vcxproj", "{41B70F84-8525-46CB-B0AE-A461780AEC77}"
EndProject
Project("{8BC9CEB8-8B4A-11D0-8D11-00A0C91BC942}") = "Core", "projects\Core\Core.vcxproj", "{5E0AF72D-8466-4A76-B633-4D6198F021B1}"
EndProject
Global
	GlobalSection(SolutionConfigurationPlatforms) = preSolution
		Debug|x64 = Debug|x64
		Release|x64 = Release|x64
	EndGlobalSection
	GlobalSection(ProjectConfigurationPlatforms) = postSolution
		{1BCA0A68-D110-4540-A078-65D3FA5D73E3}.Debug|x64.ActiveCfg = Release|x64
		{1BCA0A68-D110-4540-A078-65D3FA5D73E3}.Debug|x64.Build.0 = Release|x64
		{1BCA0A68-D110-4540-A078-65D3FA5D73E3}.Release|x64.ActiveCfg = Release|x64
		{1BCA0A68-D110-4540-A078-65D3FA5D73E3}.Release|x64.Build.0 = Release|x64
		{E0D58EFB-F43B-4380-8513-ED54E97A96FB}.Debug|x64.ActiveCfg = Release|x64
		{E0D58EFB-F43B-4380-8513-ED54E97A96FB}.Debug|x64.Build.0 = Release|x64
		{E0D58EFB-F43B-4380-8513-ED54E97A96FB}.Release|x64.ActiveCfg = Release|x64
		{E0D58EFB-F43B-4380-8513-ED54E97A96FB}.Release|x64.Build.0 = Release|x64
		{4D51AD06-E3F2-480D-92F8-D0A63C2B60E6}.Debug|x64.ActiveCfg = Release|x64
		{4D51AD06-E3F2-480D-92F8-D0A63C2B60E6}.Debug|x64.Build.0 = Release|x64
		{4D51AD06-E3F2-480D-92F8-D0A63C2B60E6}.Release|x64.ActiveCfg = Release|x64
		{4D51AD06-E3F2-480D-92F8-D0A63C2B60E6}.Release|x64.Build.0 = Release|x64
		{41B70F84-8525-46CB-B0AE-A461780AEC77}.Debug|x64.ActiveCfg = Release|x64
		{41B70F84-8525-46CB-B0AE-A461780AEC77}.Debug|x64.Build.0 = Release|x64
		{41B70F84-8525-46CB-B0AE-A461780AEC77}.Release|x64.ActiveCfg = Release|x64
		{41B70F84-8525-46CB-B0AE-A461780AEC77}.Release|x64.Build.0 = Release|x64
		{5E0AF72D-8466-4A76-B633-4D6198F021B1}.Debug|x64.ActiveCfg = Debug|x64
		{5E0AF72D-8466-4A76-B633-4D6198F021B1}.Debug|x64.Build.0 = Debug|x64
		{5E0AF72D-8466-4A76-B633-4D6198F021B1}.Release|x64.ActiveCfg = Release|x64
		{5E0AF72D-8466-4A76-B633-4D6198F021B1}.Release|x64.Build.0 = Release|x64
	EndGlobalSection
	GlobalSection(SolutionProperties) = preSolution
		HideSolutionNode = FALSE
	EndGlobalSection
	GlobalSection(ExtensibilityGlobals) = postSolution
		SolutionGuid = {2FD66A89-EBF7-480A-A6AA-45E69B92A728}
	EndGlobalSection
EndGlobal
