<?xml version="1.0" encoding="utf-8"?>
<Project ToolsVersion="4.0" xmlns="http://schemas.microsoft.com/developer/msbuild/2003">
  <ItemGroup>
    <Filter Include="Archivos de encabezado">
      <UniqueIdentifier>{af86191e-b984-43f1-92ea-cf38b948fe5e}</UniqueIdentifier>
    </Filter>
    <Filter Include="Archivos de origen">
      <UniqueIdentifier>{f12aaf30-4a34-40bb-9ea2-ed65b6ed6e53}</UniqueIdentifier>
    </Filter>
    <Filter Include="Archivos de recursos">
      <UniqueIdentifier>{12e5f373-9b42-4ce0-947a-2c3f33010588}</UniqueIdentifier>
    </Filter>
  </ItemGroup>
  <ItemGroup>
    <ClCompile Include="..\..\Dependencies\Ogre\build\x64\imgui-1.89.8\backends\imgui_impl_opengl3.cpp">
      <Filter>Archivos de recursos</Filter>
    </ClCompile>
    <ClCompile Include="..\..\Dependencies\Ogre\build\x64\imgui-1.89.8\backends\imgui_impl_sdl2.cpp">
      <Filter>Archivos de recursos</Filter>
    </ClCompile>
    <ClCompile Include="..\..\src\UI\UIManager.cpp">
      <Filter>Archivos de origen</Filter>
    </ClCompile>
    <ClCompile Include="..\..\src\UI\Button.cpp">
      <Filter>Archivos de origen</Filter>
    </ClCompile>
    <ClCompile Include="..\..\src\UI\InputText.cpp">
      <Filter>Archivos de origen</Filter>
    </ClCompile>
    <ClCompile Include="..\..\src\UI\Text.cpp">
      <Filter>Archivos de origen</Filter>
    </ClCompile>
    <ClCompile Include="..\..\src\UI\BaseWidget.cpp">
      <Filter>Archivos de origen</Filter>
    </ClCompile>
  </ItemGroup>
  <ItemGroup>
    <ClInclude Include="..\..\Dependencies\Ogre\build\x64\imgui-1.89.8\backends\imgui_impl_sdl2.h">
      <Filter>Archivos de recursos</Filter>
    </ClInclude>
    <ClInclude Include="..\..\Dependencies\Ogre\build\x64\imgui-1.89.8\backends\imgui_impl_opengl3.h">
      <Filter>Archivos de recursos</Filter>
    </ClInclude>
    <ClInclude Include="..\..\src\UI\UIManager.h">
      <Filter>Archivos de encabezado</Filter>
    </ClInclude>
    <ClInclude Include="..\..\src\UI\Button.h">
      <Filter>Archivos de encabezado</Filter>
    </ClInclude>
    <ClInclude Include="..\..\src\UI\InputText.h">
      <Filter>Archivos de encabezado</Filter>
    </ClInclude>
    <ClInclude Include="..\..\src\UI\Text.h">
      <Filter>Archivos de encabezado</Filter>
    </ClInclude>
    <ClInclude Include="..\..\src\UI\BaseWidget.h">
      <Filter>Archivos de encabezado</Filter>
    </ClInclude>
  </ItemGroup>
</Project>