<?xml version="1.0" encoding="utf-8"?>
<Project ToolsVersion="4.0" xmlns="http://schemas.microsoft.com/developer/msbuild/2003">
  <ItemGroup>
    <Filter Include="Structure">
      <UniqueIdentifier>{809a02c9-b573-4f67-bcfe-8324bdc70c4f}</UniqueIdentifier>
    </Filter>
    <Filter Include="Utilities">
      <UniqueIdentifier>{ea27c386-fe88-4054-b1ef-34d6391cddb7}</UniqueIdentifier>
    </Filter>
    <Filter Include="Components">
      <UniqueIdentifier>{1a2be76e-c3c3-46b3-94f0-487e0a8a0bee}</UniqueIdentifier>
    </Filter>
  </ItemGroup>
  <ItemGroup>
    <ClCompile Include="..\..\src\Core\Utilities\Vector3.cpp">
      <Filter>Utilities</Filter>
    </ClCompile>
    <ClCompile Include="..\..\src\Core\Utilities\Vector2.cpp">
      <Filter>Utilities</Filter>
    </ClCompile>
    <ClCompile Include="..\..\src\Core\Structure\Component.cpp">
      <Filter>Structure</Filter>
    </ClCompile>
    <ClCompile Include="..\..\src\Core\Structure\Game.cpp">
      <Filter>Structure</Filter>
    </ClCompile>
    <ClCompile Include="..\..\src\Core\Structure\GameObject.cpp">
      <Filter>Structure</Filter>
    </ClCompile>
    <ClCompile Include="..\..\src\Core\Structure\Scene.cpp">
      <Filter>Structure</Filter>
    </ClCompile>
    <ClCompile Include="..\..\src\Core\Components\Transform.cpp">
      <Filter>Components</Filter>
    </ClCompile>
    <ClCompile Include="..\..\src\Core\Utilities\Vector4.cpp">
      <Filter>Utilities</Filter>
    </ClCompile>
    <ClCompile Include="..\..\src\Core\Utilities\Quaternion.cpp">
      <Filter>Utilities</Filter>
    </ClCompile>
    <ClCompile Include="..\..\src\Core\Structure\FactoryManager.cpp">
      <Filter>Structure</Filter>
    </ClCompile>
    <ClCompile Include="..\..\src\Core\Structure\ComponentBuilder.cpp">
      <Filter>Structure</Filter>
    </ClCompile>
    <ClCompile Include="..\..\src\Core\Components\TransformBuilder.cpp">
      <Filter>Components</Filter>
    </ClCompile>
    <ClCompile Include="..\..\src\Core\Structure\DynamicLibraryLoader.cpp">
      <Filter>Structure</Filter>
    </ClCompile>
  </ItemGroup>
  <ItemGroup>
    <ClInclude Include="..\..\src\Core\Utilities\Vector2.h">
      <Filter>Utilities</Filter>
    </ClInclude>
    <ClInclude Include="..\..\src\Core\Utilities\Vector3.h">
      <Filter>Utilities</Filter>
    </ClInclude>
    <ClInclude Include="..\..\src\Core\Structure\Component.h">
      <Filter>Structure</Filter>
    </ClInclude>
    <ClInclude Include="..\..\src\Core\Structure\Game.h">
      <Filter>Structure</Filter>
    </ClInclude>
    <ClInclude Include="..\..\src\Core\Structure\GameObject.h">
      <Filter>Structure</Filter>
    </ClInclude>
    <ClInclude Include="..\..\src\Core\Structure\Scene.h">
      <Filter>Structure</Filter>
    </ClInclude>
    <ClInclude Include="..\..\src\Core\Core.h" />
    <ClInclude Include="..\..\src\Core\Structure\Module.h">
      <Filter>Structure</Filter>
    </ClInclude>
    <ClInclude Include="..\..\src\Core\Utilities\Singleton.h">
      <Filter>Utilities</Filter>
    </ClInclude>
    <ClInclude Include="..\..\src\Core\Components\Transform.h">
      <Filter>Components</Filter>
    </ClInclude>
    <ClInclude Include="..\..\src\Core\Utilities\checkML.h">
      <Filter>Utilities</Filter>
    </ClInclude>
    <ClInclude Include="..\..\src\Core\Utilities\Vector4.h">
      <Filter>Utilities</Filter>
    </ClInclude>
    <ClInclude Include="..\..\src\Core\Utilities\Quaternion.h">
      <Filter>Utilities</Filter>
    </ClInclude>
    <ClInclude Include="..\..\src\Core\Utilities\defs.h">
      <Filter>Utilities</Filter>
    </ClInclude>
    <ClInclude Include="..\..\src\Core\Structure\FactoryManager.h">
      <Filter>Structure</Filter>
    </ClInclude>
    <ClInclude Include="..\..\src\Core\Utilities\INode.h">
      <Filter>Utilities</Filter>
    </ClInclude>
    <ClInclude Include="..\..\src\Core\Structure\ComponentBuilder.h">
      <Filter>Structure</Filter>
    </ClInclude>
    <ClInclude Include="..\..\src\Core\Structure\BasicBuilder.h">
      <Filter>Structure</Filter>
    </ClInclude>
    <ClInclude Include="..\..\src\Core\Utilities\Concepts.h">
      <Filter>Utilities</Filter>
    </ClInclude>
    <ClInclude Include="..\..\src\Core\Components\TransformBuilder.h">
      <Filter>Components</Filter>
    </ClInclude>
    <ClInclude Include="..\..\src\Core\Structure\DynamicLibraryLoader.h">
      <Filter>Structure</Filter>
    </ClInclude>
    <ClInclude Include="..\..\src\Core\Utilities\componentDefs.h">
      <Filter>Utilities</Filter>
    </ClInclude>
  </ItemGroup>
</Project>